
Microsoft Visual Studio Solution File, Format Version 12.00
# Visual Studio Version 16
VisualStudioVersion = 16.0.31313.79
MinimumVisualStudioVersion = 10.0.40219.1
Project("{FAE04EC0-301F-11D3-BF4B-00C04F79EFBC}") = "Project Calculator.UWP", "Project Calculator\Project Calculator.UWP\Project Calculator.UWP.csproj", "{606B58C1-CD7C-4AC9-AC6E-F85DF768907E}"
EndProject
Project("{FAE04EC0-301F-11D3-BF4B-00C04F79EFBC}") = "Project Calculator.Android", "Project Calculator\Project Calculator.Android\Project Calculator.Android.csproj", "{0153DECB-7B4D-43D8-92C7-EA0370A9F4EC}"
EndProject
Project("{FAE04EC0-301F-11D3-BF4B-00C04F79EFBC}") = "Project Calculator.iOS", "Project Calculator\Project Calculator.iOS\Project Calculator.iOS.csproj", "{7A3BC8A8-B549-43A2-AE6D-1B9DB2E50E28}"
EndProject
Project("{FAE04EC0-301F-11D3-BF4B-00C04F79EFBC}") = "Project Calculator", "Project Calculator\Project Calculator\Project Calculator.csproj", "{20973011-D50B-41B0-B770-A1D1D12FBEE5}"
EndProject
Global
	GlobalSection(SolutionConfigurationPlatforms) = preSolution
		Debug|Any CPU = Debug|Any CPU
		Debug|ARM = Debug|ARM
		Debug|iPhone = Debug|iPhone
		Debug|iPhoneSimulator = Debug|iPhoneSimulator
		Debug|x64 = Debug|x64
		Debug|x86 = Debug|x86
		Release|Any CPU = Release|Any CPU
		Release|ARM = Release|ARM
		Release|iPhone = Release|iPhone
		Release|iPhoneSimulator = Release|iPhoneSimulator
		Release|x64 = Release|x64
		Release|x86 = Release|x86
	EndGlobalSection
	GlobalSection(ProjectConfigurationPlatforms) = postSolution
		{606B58C1-CD7C-4AC9-AC6E-F85DF768907E}.Debug|Any CPU.ActiveCfg = Debug|x86
		{606B58C1-CD7C-4AC9-AC6E-F85DF768907E}.Debug|Any CPU.Build.0 = Debug|x86
		{606B58C1-CD7C-4AC9-AC6E-F85DF768907E}.Debug|Any CPU.Deploy.0 = Debug|x86
		{606B58C1-CD7C-4AC9-AC6E-F85DF768907E}.Debug|ARM.ActiveCfg = Debug|ARM
		{606B58C1-CD7C-4AC9-AC6E-F85DF768907E}.Debug|ARM.Build.0 = Debug|ARM
		{606B58C1-CD7C-4AC9-AC6E-F85DF768907E}.Debug|ARM.Deploy.0 = Debug|ARM
		{606B58C1-CD7C-4AC9-AC6E-F85DF768907E}.Debug|iPhone.ActiveCfg = Debug|x86
		{606B58C1-CD7C-4AC9-AC6E-F85DF768907E}.Debug|iPhone.Build.0 = Debug|x86
		{606B58C1-CD7C-4AC9-AC6E-F85DF768907E}.Debug|iPhone.Deploy.0 = Debug|x86
		{606B58C1-CD7C-4AC9-AC6E-F85DF768907E}.Debug|iPhoneSimulator.ActiveCfg = Debug|x86
		{606B58C1-CD7C-4AC9-AC6E-F85DF768907E}.Debug|iPhoneSimulator.Build.0 = Debug|x86
		{606B58C1-CD7C-4AC9-AC6E-F85DF768907E}.Debug|iPhoneSimulator.Deploy.0 = Debug|x86
		{606B58C1-CD7C-4AC9-AC6E-F85DF768907E}.Debug|x64.ActiveCfg = Debug|x64
		{606B58C1-CD7C-4AC9-AC6E-F85DF768907E}.Debug|x64.Build.0 = Debug|x64
		{606B58C1-CD7C-4AC9-AC6E-F85DF768907E}.Debug|x64.Deploy.0 = Debug|x64
		{606B58C1-CD7C-4AC9-AC6E-F85DF768907E}.Debug|x86.ActiveCfg = Debug|x86
		{606B58C1-CD7C-4AC9-AC6E-F85DF768907E}.Debug|x86.Build.0 = Debug|x86
		{606B58C1-CD7C-4AC9-AC6E-F85DF768907E}.Debug|x86.Deploy.0 = Debug|x86
		{606B58C1-CD7C-4AC9-AC6E-F85DF768907E}.Release|Any CPU.ActiveCfg = Release|x86
		{606B58C1-CD7C-4AC9-AC6E-F85DF768907E}.Release|Any CPU.Build.0 = Release|x86
		{606B58C1-CD7C-4AC9-AC6E-F85DF768907E}.Release|Any CPU.Deploy.0 = Release|x86
		{606B58C1-CD7C-4AC9-AC6E-F85DF768907E}.Release|ARM.ActiveCfg = Release|ARM
		{606B58C1-CD7C-4AC9-AC6E-F85DF768907E}.Release|ARM.Build.0 = Release|ARM
		{606B58C1-CD7C-4AC9-AC6E-F85DF768907E}.Release|ARM.Deploy.0 = Release|ARM
		{606B58C1-CD7C-4AC9-AC6E-F85DF768907E}.Release|iPhone.ActiveCfg = Release|x86
		{606B58C1-CD7C-4AC9-AC6E-F85DF768907E}.Release|iPhone.Build.0 = Release|x86
		{606B58C1-CD7C-4AC9-AC6E-F85DF768907E}.Release|iPhone.Deploy.0 = Release|x86
		{606B58C1-CD7C-4AC9-AC6E-F85DF768907E}.Release|iPhoneSimulator.ActiveCfg = Release|x86
		{606B58C1-CD7C-4AC9-AC6E-F85DF768907E}.Release|iPhoneSimulator.Build.0 = Release|x86
		{606B58C1-CD7C-4AC9-AC6E-F85DF768907E}.Release|iPhoneSimulator.Deploy.0 = Release|x86
		{606B58C1-CD7C-4AC9-AC6E-F85DF768907E}.Release|x64.ActiveCfg = Release|x64
		{606B58C1-CD7C-4AC9-AC6E-F85DF768907E}.Release|x64.Build.0 = Release|x64
		{606B58C1-CD7C-4AC9-AC6E-F85DF768907E}.Release|x64.Deploy.0 = Release|x64
		{606B58C1-CD7C-4AC9-AC6E-F85DF768907E}.Release|x86.ActiveCfg = Release|x86
		{606B58C1-CD7C-4AC9-AC6E-F85DF768907E}.Release|x86.Build.0 = Release|x86
		{606B58C1-CD7C-4AC9-AC6E-F85DF768907E}.Release|x86.Deploy.0 = Release|x86
		{0153DECB-7B4D-43D8-92C7-EA0370A9F4EC}.Debug|Any CPU.ActiveCfg = Debug|Any CPU
		{0153DECB-7B4D-43D8-92C7-EA0370A9F4EC}.Debug|Any CPU.Build.0 = Debug|Any CPU
		{0153DECB-7B4D-43D8-92C7-EA0370A9F4EC}.Debug|Any CPU.Deploy.0 = Debug|Any CPU
		{0153DECB-7B4D-43D8-92C7-EA0370A9F4EC}.Debug|ARM.ActiveCfg = Debug|Any CPU
		{0153DECB-7B4D-43D8-92C7-EA0370A9F4EC}.Debug|ARM.Build.0 = Debug|Any CPU
		{0153DECB-7B4D-43D8-92C7-EA0370A9F4EC}.Debug|ARM.Deploy.0 = Debug|Any CPU
		{0153DECB-7B4D-43D8-92C7-EA0370A9F4EC}.Debug|iPhone.ActiveCfg = Debug|Any CPU
		{0153DECB-7B4D-43D8-92C7-EA0370A9F4EC}.Debug|iPhone.Build.0 = Debug|Any CPU
		{0153DECB-7B4D-43D8-92C7-EA0370A9F4EC}.Debug|iPhone.Deploy.0 = Debug|Any CPU
		{0153DECB-7B4D-43D8-92C7-EA0370A9F4EC}.Debug|iPhoneSimulator.ActiveCfg = Debug|Any CPU
		{0153DECB-7B4D-43D8-92C7-EA0370A9F4EC}.Debug|iPhoneSimulator.Build.0 = Debug|Any CPU
		{0153DECB-7B4D-43D8-92C7-EA0370A9F4EC}.Debug|iPhoneSimulator.Deploy.0 = Debug|Any CPU
		{0153DECB-7B4D-43D8-92C7-EA0370A9F4EC}.Debug|x64.ActiveCfg = Debug|Any CPU
		{0153DECB-7B4D-43D8-92C7-EA0370A9F4EC}.Debug|x64.Build.0 = Debug|Any CPU
		{0153DECB-7B4D-43D8-92C7-EA0370A9F4EC}.Debug|x64.Deploy.0 = Debug|Any CPU
		{0153DECB-7B4D-43D8-92C7-EA0370A9F4EC}.Debug|x86.ActiveCfg = Debug|Any CPU
		{0153DECB-7B4D-43D8-92C7-EA0370A9F4EC}.Debug|x86.Build.0 = Debug|Any CPU
		{0153DECB-7B4D-43D8-92C7-EA0370A9F4EC}.Debug|x86.Deploy.0 = Debug|Any CPU
		{0153DECB-7B4D-43D8-92C7-EA0370A9F4EC}.Release|Any CPU.ActiveCfg = Release|Any CPU
		{0153DECB-7B4D-43D8-92C7-EA0370A9F4EC}.Release|Any CPU.Build.0 = Release|Any CPU
		{0153DECB-7B4D-43D8-92C7-EA0370A9F4EC}.Release|Any CPU.Deploy.0 = Release|Any CPU
		{0153DECB-7B4D-43D8-92C7-EA0370A9F4EC}.Release|ARM.ActiveCfg = Release|Any CPU
		{0153DECB-7B4D-43D8-92C7-EA0370A9F4EC}.Release|ARM.Build.0 = Release|Any CPU
		{0153DECB-7B4D-43D8-92C7-EA0370A9F4EC}.Release|ARM.Deploy.0 = Release|Any CPU
		{0153DECB-7B4D-43D8-92C7-EA0370A9F4EC}.Release|iPhone.ActiveCfg = Release|Any CPU
		{0153DECB-7B4D-43D8-92C7-EA0370A9F4EC}.Release|iPhone.Build.0 = Release|Any CPU
		{0153DECB-7B4D-43D8-92C7-EA0370A9F4EC}.Release|iPhone.Deploy.0 = Release|Any CPU
		{0153DECB-7B4D-43D8-92C7-EA0370A9F4EC}.Release|iPhoneSimulator.ActiveCfg = Release|Any CPU
		{0153DECB-7B4D-43D8-92C7-EA0370A9F4EC}.Release|iPhoneSimulator.Build.0 = Release|Any CPU
		{0153DECB-7B4D-43D8-92C7-EA0370A9F4EC}.Release|iPhoneSimulator.Deploy.0 = Release|Any CPU
		{0153DECB-7B4D-43D8-92C7-EA0370A9F4EC}.Release|x64.ActiveCfg = Release|Any CPU
		{0153DECB-7B4D-43D8-92C7-EA0370A9F4EC}.Release|x64.Build.0 = Release|Any CPU
		{0153DECB-7B4D-43D8-92C7-EA0370A9F4EC}.Release|x64.Deploy.0 = Release|Any CPU
		{0153DECB-7B4D-43D8-92C7-EA0370A9F4EC}.Release|x86.ActiveCfg = Release|Any CPU
		{0153DECB-7B4D-43D8-92C7-EA0370A9F4EC}.Release|x86.Build.0 = Release|Any CPU
		{0153DECB-7B4D-43D8-92C7-EA0370A9F4EC}.Release|x86.Deploy.0 = Release|Any CPU
		{7A3BC8A8-B549-43A2-AE6D-1B9DB2E50E28}.Debug|Any CPU.ActiveCfg = Debug|iPhoneSimulator
		{7A3BC8A8-B549-43A2-AE6D-1B9DB2E50E28}.Debug|Any CPU.Build.0 = Debug|iPhoneSimulator
		{7A3BC8A8-B549-43A2-AE6D-1B9DB2E50E28}.Debug|Any CPU.Deploy.0 = Debug|iPhoneSimulator
		{7A3BC8A8-B549-43A2-AE6D-1B9DB2E50E28}.Debug|ARM.ActiveCfg = Debug|iPhone
		{7A3BC8A8-B549-43A2-AE6D-1B9DB2E50E28}.Debug|ARM.Build.0 = Debug|iPhone
		{7A3BC8A8-B549-43A2-AE6D-1B9DB2E50E28}.Debug|ARM.Deploy.0 = Debug|iPhone
		{7A3BC8A8-B549-43A2-AE6D-1B9DB2E50E28}.Debug|iPhone.ActiveCfg = Debug|iPhone
		{7A3BC8A8-B549-43A2-AE6D-1B9DB2E50E28}.Debug|iPhone.Build.0 = Debug|iPhone
		{7A3BC8A8-B549-43A2-AE6D-1B9DB2E50E28}.Debug|iPhone.Deploy.0 = Debug|iPhone
		{7A3BC8A8-B549-43A2-AE6D-1B9DB2E50E28}.Debug|iPhoneSimulator.ActiveCfg = Debug|iPhoneSimulator
		{7A3BC8A8-B549-43A2-AE6D-1B9DB2E50E28}.Debug|iPhoneSimulator.Build.0 = Debug|iPhoneSimulator
		{7A3BC8A8-B549-43A2-AE6D-1B9DB2E50E28}.Debug|iPhoneSimulator.Deploy.0 = Debug|iPhoneSimulator
		{7A3BC8A8-B549-43A2-AE6D-1B9DB2E50E28}.Debug|x64.ActiveCfg = Debug|iPhoneSimulator
		{7A3BC8A8-B549-43A2-AE6D-1B9DB2E50E28}.Debug|x64.Build.0 = Debug|iPhoneSimulator
		{7A3BC8A8-B549-43A2-AE6D-1B9DB2E50E28}.Debug|x64.Deploy.0 = Debug|iPhoneSimulator
		{7A3BC8A8-B549-43A2-AE6D-1B9DB2E50E28}.Debug|x86.ActiveCfg = Debug|iPhoneSimulator
		{7A3BC8A8-B549-43A2-AE6D-1B9DB2E50E28}.Debug|x86.Build.0 = Debug|iPhoneSimulator
		{7A3BC8A8-B549-43A2-AE6D-1B9DB2E50E28}.Debug|x86.Deploy.0 = Debug|iPhoneSimulator
		{7A3BC8A8-B549-43A2-AE6D-1B9DB2E50E28}.Release|Any CPU.ActiveCfg = Release|iPhoneSimulator
		{7A3BC8A8-B549-43A2-AE6D-1B9DB2E50E28}.Release|Any CPU.Build.0 = Release|iPhoneSimulator
		{7A3BC8A8-B549-43A2-AE6D-1B9DB2E50E28}.Release|Any CPU.Deploy.0 = Release|iPhoneSimulator
		{7A3BC8A8-B549-43A2-AE6D-1B9DB2E50E28}.Release|ARM.ActiveCfg = Release|iPhoneSimulator
		{7A3BC8A8-B549-43A2-AE6D-1B9DB2E50E28}.Release|ARM.Build.0 = Release|iPhoneSimulator
		{7A3BC8A8-B549-43A2-AE6D-1B9DB2E50E28}.Release|ARM.Deploy.0 = Release|iPhoneSimulator
		{7A3BC8A8-B549-43A2-AE6D-1B9DB2E50E28}.Release|iPhone.ActiveCfg = Release|iPhone
		{7A3BC8A8-B549-43A2-AE6D-1B9DB2E50E28}.Release|iPhone.Build.0 = Release|iPhone
		{7A3BC8A8-B549-43A2-AE6D-1B9DB2E50E28}.Release|iPhone.Deploy.0 = Release|iPhone
		{7A3BC8A8-B549-43A2-AE6D-1B9DB2E50E28}.Release|iPhoneSimulator.ActiveCfg = Release|iPhoneSimulator
		{7A3BC8A8-B549-43A2-AE6D-1B9DB2E50E28}.Release|iPhoneSimulator.Build.0 = Release|iPhoneSimulator
		{7A3BC8A8-B549-43A2-AE6D-1B9DB2E50E28}.Release|iPhoneSimulator.Deploy.0 = Release|iPhoneSimulator
		{7A3BC8A8-B549-43A2-AE6D-1B9DB2E50E28}.Release|x64.ActiveCfg = Release|iPhoneSimulator
		{7A3BC8A8-B549-43A2-AE6D-1B9DB2E50E28}.Release|x64.Build.0 = Release|iPhoneSimulator
		{7A3BC8A8-B549-43A2-AE6D-1B9DB2E50E28}.Release|x64.Deploy.0 = Release|iPhoneSimulator
		{7A3BC8A8-B549-43A2-AE6D-1B9DB2E50E28}.Release|x86.ActiveCfg = Release|iPhoneSimulator
		{7A3BC8A8-B549-43A2-AE6D-1B9DB2E50E28}.Release|x86.Build.0 = Release|iPhoneSimulator
		{7A3BC8A8-B549-43A2-AE6D-1B9DB2E50E28}.Release|x86.Deploy.0 = Release|iPhoneSimulator
		{20973011-D50B-41B0-B770-A1D1D12FBEE5}.Debug|Any CPU.ActiveCfg = Debug|Any CPU
		{20973011-D50B-41B0-B770-A1D1D12FBEE5}.Debug|Any CPU.Build.0 = Debug|Any CPU
		{20973011-D50B-41B0-B770-A1D1D12FBEE5}.Debug|Any CPU.Deploy.0 = Debug|Any CPU
		{20973011-D50B-41B0-B770-A1D1D12FBEE5}.Debug|ARM.ActiveCfg = Debug|Any CPU
		{20973011-D50B-41B0-B770-A1D1D12FBEE5}.Debug|ARM.Build.0 = Debug|Any CPU
		{20973011-D50B-41B0-B770-A1D1D12FBEE5}.Debug|ARM.Deploy.0 = Debug|Any CPU
		{20973011-D50B-41B0-B770-A1D1D12FBEE5}.Debug|iPhone.ActiveCfg = Debug|Any CPU
		{20973011-D50B-41B0-B770-A1D1D12FBEE5}.Debug|iPhone.Build.0 = Debug|Any CPU
		{20973011-D50B-41B0-B770-A1D1D12FBEE5}.Debug|iPhone.Deploy.0 = Debug|Any CPU
		{20973011-D50B-41B0-B770-A1D1D12FBEE5}.Debug|iPhoneSimulator.ActiveCfg = Debug|Any CPU
		{20973011-D50B-41B0-B770-A1D1D12FBEE5}.Debug|iPhoneSimulator.Build.0 = Debug|Any CPU
		{20973011-D50B-41B0-B770-A1D1D12FBEE5}.Debug|iPhoneSimulator.Deploy.0 = Debug|Any CPU
		{20973011-D50B-41B0-B770-A1D1D12FBEE5}.Debug|x64.ActiveCfg = Debug|Any CPU
		{20973011-D50B-41B0-B770-A1D1D12FBEE5}.Debug|x64.Build.0 = Debug|Any CPU
		{20973011-D50B-41B0-B770-A1D1D12FBEE5}.Debug|x64.Deploy.0 = Debug|Any CPU
		{20973011-D50B-41B0-B770-A1D1D12FBEE5}.Debug|x86.ActiveCfg = Debug|Any CPU
		{20973011-D50B-41B0-B770-A1D1D12FBEE5}.Debug|x86.Build.0 = Debug|Any CPU
		{20973011-D50B-41B0-B770-A1D1D12FBEE5}.Debug|x86.Deploy.0 = Debug|Any CPU
		{20973011-D50B-41B0-B770-A1D1D12FBEE5}.Release|Any CPU.ActiveCfg = Release|Any CPU
		{20973011-D50B-41B0-B770-A1D1D12FBEE5}.Release|Any CPU.Build.0 = Release|Any CPU
		{20973011-D50B-41B0-B770-A1D1D12FBEE5}.Release|Any CPU.Deploy.0 = Release|Any CPU
		{20973011-D50B-41B0-B770-A1D1D12FBEE5}.Release|ARM.ActiveCfg = Release|Any CPU
		{20973011-D50B-41B0-B770-A1D1D12FBEE5}.Release|ARM.Build.0 = Release|Any CPU
		{20973011-D50B-41B0-B770-A1D1D12FBEE5}.Release|ARM.Deploy.0 = Release|Any CPU
		{20973011-D50B-41B0-B770-A1D1D12FBEE5}.Release|iPhone.ActiveCfg = Release|Any CPU
		{20973011-D50B-41B0-B770-A1D1D12FBEE5}.Release|iPhone.Build.0 = Release|Any CPU
		{20973011-D50B-41B0-B770-A1D1D12FBEE5}.Release|iPhone.Deploy.0 = Release|Any CPU
		{20973011-D50B-41B0-B770-A1D1D12FBEE5}.Release|iPhoneSimulator.ActiveCfg = Release|Any CPU
		{20973011-D50B-41B0-B770-A1D1D12FBEE5}.Release|iPhoneSimulator.Build.0 = Release|Any CPU
		{20973011-D50B-41B0-B770-A1D1D12FBEE5}.Release|iPhoneSimulator.Deploy.0 = Release|Any CPU
		{20973011-D50B-41B0-B770-A1D1D12FBEE5}.Release|x64.ActiveCfg = Release|Any CPU
		{20973011-D50B-41B0-B770-A1D1D12FBEE5}.Release|x64.Build.0 = Release|Any CPU
		{20973011-D50B-41B0-B770-A1D1D12FBEE5}.Release|x64.Deploy.0 = Release|Any CPU
		{20973011-D50B-41B0-B770-A1D1D12FBEE5}.Release|x86.ActiveCfg = Release|Any CPU
		{20973011-D50B-41B0-B770-A1D1D12FBEE5}.Release|x86.Build.0 = Release|Any CPU
		{20973011-D50B-41B0-B770-A1D1D12FBEE5}.Release|x86.Deploy.0 = Release|Any CPU
	EndGlobalSection
	GlobalSection(SolutionProperties) = preSolution
		HideSolutionNode = FALSE
	EndGlobalSection
	GlobalSection(ExtensibilityGlobals) = postSolution
		SolutionGuid = {6E0402D2-EE70-4FF6-BB10-906C80DBF715}
	EndGlobalSection
EndGlobal
